// !$*UTF8*$!
{
	archiveVersion = 1;
	classes = {
	};
	objectVersion = 56;
	objects = {

/* Begin PBXBuildFile section */
		7E67BE3C2A6B856E00DE0299 /* AppDelegate.swift in Sources */ = {isa = PBXBuildFile; fileRef = 7E67BE3B2A6B856E00DE0299 /* AppDelegate.swift */; };
		7E67BE3E2A6B856E00DE0299 /* SceneDelegate.swift in Sources */ = {isa = PBXBuildFile; fileRef = 7E67BE3D2A6B856E00DE0299 /* SceneDelegate.swift */; };
		7E67BE452A6B856F00DE0299 /* Assets.xcassets in Resources */ = {isa = PBXBuildFile; fileRef = 7E67BE442A6B856F00DE0299 /* Assets.xcassets */; };
		7E67BE482A6B856F00DE0299 /* LaunchScreen.storyboard in Resources */ = {isa = PBXBuildFile; fileRef = 7E67BE462A6B856F00DE0299 /* LaunchScreen.storyboard */; };
		7E67BE502A6B85D500DE0299 /* BeerListViewController.swift in Sources */ = {isa = PBXBuildFile; fileRef = 7E67BE4F2A6B85D500DE0299 /* BeerListViewController.swift */; };
		7E67BE532A6B86FD00DE0299 /* SnapKit in Frameworks */ = {isa = PBXBuildFile; productRef = 7E67BE522A6B86FD00DE0299 /* SnapKit */; };
		7E67BE562A6B873F00DE0299 /* Kingfisher in Frameworks */ = {isa = PBXBuildFile; productRef = 7E67BE552A6B873F00DE0299 /* Kingfisher */; };
		7E67BE582A6B877900DE0299 /* Beer.swift in Sources */ = {isa = PBXBuildFile; fileRef = 7E67BE572A6B877900DE0299 /* Beer.swift */; };
		7E67BE5A2A6B89E300DE0299 /* BeerListCell.swift in Sources */ = {isa = PBXBuildFile; fileRef = 7E67BE592A6B89E300DE0299 /* BeerListCell.swift */; };
		7E67BE5C2A6B95B000DE0299 /* BeerDetailViewController.swift in Sources */ = {isa = PBXBuildFile; fileRef = 7E67BE5B2A6B95B000DE0299 /* BeerDetailViewController.swift */; };
/* End PBXBuildFile section */

/* Begin PBXFileReference section */
		7E67BE382A6B856E00DE0299 /* Brewery.app */ = {isa = PBXFileReference; explicitFileType = wrapper.application; includeInIndex = 0; path = Brewery.app; sourceTree = BUILT_PRODUCTS_DIR; };
		7E67BE3B2A6B856E00DE0299 /* AppDelegate.swift */ = {isa = PBXFileReference; lastKnownFileType = sourcecode.swift; path = AppDelegate.swift; sourceTree = "<group>"; };
		7E67BE3D2A6B856E00DE0299 /* SceneDelegate.swift */ = {isa = PBXFileReference; lastKnownFileType = sourcecode.swift; path = SceneDelegate.swift; sourceTree = "<group>"; };
		7E67BE442A6B856F00DE0299 /* Assets.xcassets */ = {isa = PBXFileReference; lastKnownFileType = folder.assetcatalog; path = Assets.xcassets; sourceTree = "<group>"; };
		7E67BE472A6B856F00DE0299 /* Base */ = {isa = PBXFileReference; lastKnownFileType = file.storyboard; name = Base; path = Base.lproj/LaunchScreen.storyboard; sourceTree = "<group>"; };
		7E67BE492A6B856F00DE0299 /* Info.plist */ = {isa = PBXFileReference; lastKnownFileType = text.plist.xml; path = Info.plist; sourceTree = "<group>"; };
		7E67BE4F2A6B85D500DE0299 /* BeerListViewController.swift */ = {isa = PBXFileReference; lastKnownFileType = sourcecode.swift; path = BeerListViewController.swift; sourceTree = "<group>"; };
		7E67BE572A6B877900DE0299 /* Beer.swift */ = {isa = PBXFileReference; lastKnownFileType = sourcecode.swift; path = Beer.swift; sourceTree = "<group>"; };
		7E67BE592A6B89E300DE0299 /* BeerListCell.swift */ = {isa = PBXFileReference; lastKnownFileType = sourcecode.swift; path = BeerListCell.swift; sourceTree = "<group>"; };
		7E67BE5B2A6B95B000DE0299 /* BeerDetailViewController.swift */ = {isa = PBXFileReference; lastKnownFileType = sourcecode.swift; path = BeerDetailViewController.swift; sourceTree = "<group>"; };
/* End PBXFileReference section */

/* Begin PBXFrameworksBuildPhase section */
		7E67BE352A6B856E00DE0299 /* Frameworks */ = {
			isa = PBXFrameworksBuildPhase;
			buildActionMask = 2147483647;
			files = (
				7E67BE562A6B873F00DE0299 /* Kingfisher in Frameworks */,
				7E67BE532A6B86FD00DE0299 /* SnapKit in Frameworks */,
			);
			runOnlyForDeploymentPostprocessing = 0;
		};
/* End PBXFrameworksBuildPhase section */

/* Begin PBXGroup section */
		7E67BE2F2A6B856E00DE0299 = {
			isa = PBXGroup;
			children = (
				7E67BE3A2A6B856E00DE0299 /* Brewery */,
				7E67BE392A6B856E00DE0299 /* Products */,
			);
			sourceTree = "<group>";
		};
		7E67BE392A6B856E00DE0299 /* Products */ = {
			isa = PBXGroup;
			children = (
				7E67BE382A6B856E00DE0299 /* Brewery.app */,
			);
			name = Products;
			sourceTree = "<group>";
		};
		7E67BE3A2A6B856E00DE0299 /* Brewery */ = {
			isa = PBXGroup;
			children = (
				7E67BE3B2A6B856E00DE0299 /* AppDelegate.swift */,
				7E67BE3D2A6B856E00DE0299 /* SceneDelegate.swift */,
				7E67BE4F2A6B85D500DE0299 /* BeerListViewController.swift */,
				7E67BE5B2A6B95B000DE0299 /* BeerDetailViewController.swift */,
				7E67BE592A6B89E300DE0299 /* BeerListCell.swift */,
				7E67BE572A6B877900DE0299 /* Beer.swift */,
				7E67BE442A6B856F00DE0299 /* Assets.xcassets */,
				7E67BE462A6B856F00DE0299 /* LaunchScreen.storyboard */,
				7E67BE492A6B856F00DE0299 /* Info.plist */,
			);
			path = Brewery;
			sourceTree = "<group>";
		};
/* End PBXGroup section */

/* Begin PBXNativeTarget section */
		7E67BE372A6B856E00DE0299 /* Brewery */ = {
			isa = PBXNativeTarget;
			buildConfigurationList = 7E67BE4C2A6B856F00DE0299 /* Build configuration list for PBXNativeTarget "Brewery" */;
			buildPhases = (
				7E67BE342A6B856E00DE0299 /* Sources */,
				7E67BE352A6B856E00DE0299 /* Frameworks */,
				7E67BE362A6B856E00DE0299 /* Resources */,
			);
			buildRules = (
			);
			dependencies = (
			);
			name = Brewery;
			packageProductDependencies = (
				7E67BE522A6B86FD00DE0299 /* SnapKit */,
				7E67BE552A6B873F00DE0299 /* Kingfisher */,
			);
			productName = Brewery;
			productReference = 7E67BE382A6B856E00DE0299 /* Brewery.app */;
			productType = "com.apple.product-type.application";
		};
/* End PBXNativeTarget section */

/* Begin PBXProject section */
		7E67BE302A6B856E00DE0299 /* Project object */ = {
			isa = PBXProject;
			attributes = {
				BuildIndependentTargetsInParallel = 1;
				LastSwiftUpdateCheck = 1430;
				LastUpgradeCheck = 1430;
				TargetAttributes = {
					7E67BE372A6B856E00DE0299 = {
						CreatedOnToolsVersion = 14.3.1;
					};
				};
			};
			buildConfigurationList = 7E67BE332A6B856E00DE0299 /* Build configuration list for PBXProject "Brewery" */;
			compatibilityVersion = "Xcode 14.0";
			developmentRegion = en;
			hasScannedForEncodings = 0;
			knownRegions = (
				en,
				Base,
			);
			mainGroup = 7E67BE2F2A6B856E00DE0299;
			packageReferences = (
				7E67BE512A6B86FD00DE0299 /* XCRemoteSwiftPackageReference "SnapKit" */,
				7E67BE542A6B873F00DE0299 /* XCRemoteSwiftPackageReference "Kingfisher" */,
			);
			productRefGroup = 7E67BE392A6B856E00DE0299 /* Products */;
			projectDirPath = "";
			projectRoot = "";
			targets = (
				7E67BE372A6B856E00DE0299 /* Brewery */,
			);
		};
/* End PBXProject section */

/* Begin PBXResourcesBuildPhase section */
		7E67BE362A6B856E00DE0299 /* Resources */ = {
			isa = PBXResourcesBuildPhase;
			buildActionMask = 2147483647;
			files = (
				7E67BE482A6B856F00DE0299 /* LaunchScreen.storyboard in Resources */,
				7E67BE452A6B856F00DE0299 /* Assets.xcassets in Resources */,
			);
			runOnlyForDeploymentPostprocessing = 0;
		};
/* End PBXResourcesBuildPhase section */

/* Begin PBXSourcesBuildPhase section */
		7E67BE342A6B856E00DE0299 /* Sources */ = {
			isa = PBXSourcesBuildPhase;
			buildActionMask = 2147483647;
			files = (
				7E67BE502A6B85D500DE0299 /* BeerListViewController.swift in Sources */,
				7E67BE5C2A6B95B000DE0299 /* BeerDetailViewController.swift in Sources */,
				7E67BE3C2A6B856E00DE0299 /* AppDelegate.swift in Sources */,
				7E67BE3E2A6B856E00DE0299 /* SceneDelegate.swift in Sources */,
				7E67BE582A6B877900DE0299 /* Beer.swift in Sources */,
				7E67BE5A2A6B89E300DE0299 /* BeerListCell.swift in Sources */,
			);
			runOnlyForDeploymentPostprocessing = 0;
		};
/* End PBXSourcesBuildPhase section */

/* Begin PBXVariantGroup section */
		7E67BE462A6B856F00DE0299 /* LaunchScreen.storyboard */ = {
			isa = PBXVariantGroup;
			children = (
				7E67BE472A6B856F00DE0299 /* Base */,
			);
			name = LaunchScreen.storyboard;
			sourceTree = "<group>";
		};
/* End PBXVariantGroup section */

/* Begin XCBuildConfiguration section */
		7E67BE4A2A6B856F00DE0299 /* Debug */ = {
			isa = XCBuildConfiguration;
			buildSettings = {
				ALWAYS_SEARCH_USER_PATHS = NO;
				CLANG_ANALYZER_NONNULL = YES;
				CLANG_ANALYZER_NUMBER_OBJECT_CONVERSION = YES_AGGRESSIVE;
				CLANG_CXX_LANGUAGE_STANDARD = "gnu++20";
				CLANG_ENABLE_MODULES = YES;
				CLANG_ENABLE_OBJC_ARC = YES;
				CLANG_ENABLE_OBJC_WEAK = YES;
				CLANG_WARN_BLOCK_CAPTURE_AUTORELEASING = YES;
				CLANG_WARN_BOOL_CONVERSION = YES;
				CLANG_WARN_COMMA = YES;
				CLANG_WARN_CONSTANT_CONVERSION = YES;
				CLANG_WARN_DEPRECATED_OBJC_IMPLEMENTATIONS = YES;
				CLANG_WARN_DIRECT_OBJC_ISA_USAGE = YES_ERROR;
				CLANG_WARN_DOCUMENTATION_COMMENTS = YES;
				CLANG_WARN_EMPTY_BODY = YES;
				CLANG_WARN_ENUM_CONVERSION = YES;
				CLANG_WARN_INFINITE_RECURSION = YES;
				CLANG_WARN_INT_CONVERSION = YES;
				CLANG_WARN_NON_LITERAL_NULL_CONVERSION = YES;
				CLANG_WARN_OBJC_IMPLICIT_RETAIN_SELF = YES;
				CLANG_WARN_OBJC_LITERAL_CONVERSION = YES;
				CLANG_WARN_OBJC_ROOT_CLASS = YES_ERROR;
				CLANG_WARN_QUOTED_INCLUDE_IN_FRAMEWORK_HEADER = YES;
				CLANG_WARN_RANGE_LOOP_ANALYSIS = YES;
				CLANG_WARN_STRICT_PROTOTYPES = YES;
				CLANG_WARN_SUSPICIOUS_MOVE = YES;
				CLANG_WARN_UNGUARDED_AVAILABILITY = YES_AGGRESSIVE;
				CLANG_WARN_UNREACHABLE_CODE = YES;
				CLANG_WARN__DUPLICATE_METHOD_MATCH = YES;
				COPY_PHASE_STRIP = NO;
				DEBUG_INFORMATION_FORMAT = dwarf;
				ENABLE_STRICT_OBJC_MSGSEND = YES;
				ENABLE_TESTABILITY = YES;
				GCC_C_LANGUAGE_STANDARD = gnu11;
				GCC_DYNAMIC_NO_PIC = NO;
				GCC_NO_COMMON_BLOCKS = YES;
				GCC_OPTIMIZATION_LEVEL = 0;
				GCC_PREPROCESSOR_DEFINITIONS = (
					"DEBUG=1",
					"$(inherited)",
				);
				GCC_WARN_64_TO_32_BIT_CONVERSION = YES;
				GCC_WARN_ABOUT_RETURN_TYPE = YES_ERROR;
				GCC_WARN_UNDECLARED_SELECTOR = YES;
				GCC_WARN_UNINITIALIZED_AUTOS = YES_AGGRESSIVE;
				GCC_WARN_UNUSED_FUNCTION = YES;
				GCC_WARN_UNUSED_VARIABLE = YES;
				IPHONEOS_DEPLOYMENT_TARGET = 16.4;
				MTL_ENABLE_DEBUG_INFO = INCLUDE_SOURCE;
				MTL_FAST_MATH = YES;
				ONLY_ACTIVE_ARCH = YES;
				SDKROOT = iphoneos;
				SWIFT_ACTIVE_COMPILATION_CONDITIONS = DEBUG;
				SWIFT_OPTIMIZATION_LEVEL = "-Onone";
			};
			name = Debug;
		};
		7E67BE4B2A6B856F00DE0299 /* Release */ = {
			isa = XCBuildConfiguration;
			buildSettings = {
				ALWAYS_SEARCH_USER_PATHS = NO;
				CLANG_ANALYZER_NONNULL = YES;
				CLANG_ANALYZER_NUMBER_OBJECT_CONVERSION = YES_AGGRESSIVE;
				CLANG_CXX_LANGUAGE_STANDARD = "gnu++20";
				CLANG_ENABLE_MODULES = YES;
				CLANG_ENABLE_OBJC_ARC = YES;
				CLANG_ENABLE_OBJC_WEAK = YES;
				CLANG_WARN_BLOCK_CAPTURE_AUTORELEASING = YES;
				CLANG_WARN_BOOL_CONVERSION = YES;
				CLANG_WARN_COMMA = YES;
				CLANG_WARN_CONSTANT_CONVERSION = YES;
				CLANG_WARN_DEPRECATED_OBJC_IMPLEMENTATIONS = YES;
				CLANG_WARN_DIRECT_OBJC_ISA_USAGE = YES_ERROR;
				CLANG_WARN_DOCUMENTATION_COMMENTS = YES;
				CLANG_WARN_EMPTY_BODY = YES;
				CLANG_WARN_ENUM_CONVERSION = YES;
				CLANG_WARN_INFINITE_RECURSION = YES;
				CLANG_WARN_INT_CONVERSION = YES;
				CLANG_WARN_NON_LITERAL_NULL_CONVERSION = YES;
				CLANG_WARN_OBJC_IMPLICIT_RETAIN_SELF = YES;
				CLANG_WARN_OBJC_LITERAL_CONVERSION = YES;
				CLANG_WARN_OBJC_ROOT_CLASS = YES_ERROR;
				CLANG_WARN_QUOTED_INCLUDE_IN_FRAMEWORK_HEADER = YES;
				CLANG_WARN_RANGE_LOOP_ANALYSIS = YES;
				CLANG_WARN_STRICT_PROTOTYPES = YES;
				CLANG_WARN_SUSPICIOUS_MOVE = YES;
				CLANG_WARN_UNGUARDED_AVAILABILITY = YES_AGGRESSIVE;
				CLANG_WARN_UNREACHABLE_CODE = YES;
				CLANG_WARN__DUPLICATE_METHOD_MATCH = YES;
				COPY_PHASE_STRIP = NO;
				DEBUG_INFORMATION_FORMAT = "dwarf-with-dsym";
				ENABLE_NS_ASSERTIONS = NO;
				ENABLE_STRICT_OBJC_MSGSEND = YES;
				GCC_C_LANGUAGE_STANDARD = gnu11;
				GCC_NO_COMMON_BLOCKS = YES;
				GCC_WARN_64_TO_32_BIT_CONVERSION = YES;
				GCC_WARN_ABOUT_RETURN_TYPE = YES_ERROR;
				GCC_WARN_UNDECLARED_SELECTOR = YES;
				GCC_WARN_UNINITIALIZED_AUTOS = YES_AGGRESSIVE;
				GCC_WARN_UNUSED_FUNCTION = YES;
				GCC_WARN_UNUSED_VARIABLE = YES;
				IPHONEOS_DEPLOYMENT_TARGET = 16.4;
				MTL_ENABLE_DEBUG_INFO = NO;
				MTL_FAST_MATH = YES;
				SDKROOT = iphoneos;
				SWIFT_COMPILATION_MODE = wholemodule;
				SWIFT_OPTIMIZATION_LEVEL = "-O";
				VALIDATE_PRODUCT = YES;
			};
			name = Release;
		};
		7E67BE4D2A6B856F00DE0299 /* Debug */ = {
			isa = XCBuildConfiguration;
			buildSettings = {
				ASSETCATALOG_COMPILER_APPICON_NAME = AppIcon;
				ASSETCATALOG_COMPILER_GLOBAL_ACCENT_COLOR_NAME = AccentColor;
				CODE_SIGN_STYLE = Automatic;
				CURRENT_PROJECT_VERSION = 1;
				DEVELOPMENT_TEAM = 8298X43PG3;
				GENERATE_INFOPLIST_FILE = YES;
				INFOPLIST_FILE = Brewery/Info.plist;
				INFOPLIST_KEY_UIApplicationSupportsIndirectInputEvents = YES;
				INFOPLIST_KEY_UILaunchStoryboardName = LaunchScreen;
				INFOPLIST_KEY_UISupportedInterfaceOrientations_iPad = "UIInterfaceOrientationPortrait UIInterfaceOrientationPortraitUpsideDown UIInterfaceOrientationLandscapeLeft UIInterfaceOrientationLandscapeRight";
				INFOPLIST_KEY_UISupportedInterfaceOrientations_iPhone = "UIInterfaceOrientationPortrait UIInterfaceOrientationLandscapeLeft UIInterfaceOrientationLandscapeRight";
				LD_RUNPATH_SEARCH_PATHS = (
					"$(inherited)",
					"@executable_path/Frameworks",
				);
				MARKETING_VERSION = 1.0;
				PRODUCT_BUNDLE_IDENTIFIER = com.shpark.Brewery;
				PRODUCT_NAME = "$(TARGET_NAME)";
				SWIFT_EMIT_LOC_STRINGS = YES;
				SWIFT_VERSION = 5.0;
				TARGETED_DEVICE_FAMILY = "1,2";
			};
			name = Debug;
		};
		7E67BE4E2A6B856F00DE0299 /* Release */ = {
			isa = XCBuildConfiguration;
			buildSettings = {
				ASSETCATALOG_COMPILER_APPICON_NAME = AppIcon;
				ASSETCATALOG_COMPILER_GLOBAL_ACCENT_COLOR_NAME = AccentColor;
				CODE_SIGN_STYLE = Automatic;
				CURRENT_PROJECT_VERSION = 1;
				DEVELOPMENT_TEAM = 8298X43PG3;
				GENERATE_INFOPLIST_FILE = YES;
				INFOPLIST_FILE = Brewery/Info.plist;
				INFOPLIST_KEY_UIApplicationSupportsIndirectInputEvents = YES;
				INFOPLIST_KEY_UILaunchStoryboardName = LaunchScreen;
				INFOPLIST_KEY_UISupportedInterfaceOrientations_iPad = "UIInterfaceOrientationPortrait UIInterfaceOrientationPortraitUpsideDown UIInterfaceOrientationLandscapeLeft UIInterfaceOrientationLandscapeRight";
				INFOPLIST_KEY_UISupportedInterfaceOrientations_iPhone = "UIInterfaceOrientationPortrait UIInterfaceOrientationLandscapeLeft UIInterfaceOrientationLandscapeRight";
				LD_RUNPATH_SEARCH_PATHS = (
					"$(inherited)",
					"@executable_path/Frameworks",
				);
				MARKETING_VERSION = 1.0;
				PRODUCT_BUNDLE_IDENTIFIER = com.shpark.Brewery;
				PRODUCT_NAME = "$(TARGET_NAME)";
				SWIFT_EMIT_LOC_STRINGS = YES;
				SWIFT_VERSION = 5.0;
				TARGETED_DEVICE_FAMILY = "1,2";
			};
			name = Release;
		};
/* End XCBuildConfiguration section */

/* Begin XCConfigurationList section */
		7E67BE332A6B856E00DE0299 /* Build configuration list for PBXProject "Brewery" */ = {
			isa = XCConfigurationList;
			buildConfigurations = (
				7E67BE4A2A6B856F00DE0299 /* Debug */,
				7E67BE4B2A6B856F00DE0299 /* Release */,
			);
			defaultConfigurationIsVisible = 0;
			defaultConfigurationName = Release;
		};
		7E67BE4C2A6B856F00DE0299 /* Build configuration list for PBXNativeTarget "Brewery" */ = {
			isa = XCConfigurationList;
			buildConfigurations = (
				7E67BE4D2A6B856F00DE0299 /* Debug */,
				7E67BE4E2A6B856F00DE0299 /* Release */,
			);
			defaultConfigurationIsVisible = 0;
			defaultConfigurationName = Release;
		};
/* End XCConfigurationList section */

/* Begin XCRemoteSwiftPackageReference section */
		7E67BE512A6B86FD00DE0299 /* XCRemoteSwiftPackageReference "SnapKit" */ = {
			isa = XCRemoteSwiftPackageReference;
			repositoryURL = "https://github.com/SnapKit/SnapKit.git";
			requirement = {
				kind = upToNextMajorVersion;
				minimumVersion = 5.0.0;
			};
		};
		7E67BE542A6B873F00DE0299 /* XCRemoteSwiftPackageReference "Kingfisher" */ = {
			isa = XCRemoteSwiftPackageReference;
			repositoryURL = "https://github.com/onevcat/Kingfisher.git";
			requirement = {
				kind = upToNextMajorVersion;
				minimumVersion = 7.0.0;
			};
		};
/* End XCRemoteSwiftPackageReference section */

/* Begin XCSwiftPackageProductDependency section */
		7E67BE522A6B86FD00DE0299 /* SnapKit */ = {
			isa = XCSwiftPackageProductDependency;
			package = 7E67BE512A6B86FD00DE0299 /* XCRemoteSwiftPackageReference "SnapKit" */;
			productName = SnapKit;
		};
		7E67BE552A6B873F00DE0299 /* Kingfisher */ = {
			isa = XCSwiftPackageProductDependency;
			package = 7E67BE542A6B873F00DE0299 /* XCRemoteSwiftPackageReference "Kingfisher" */;
			productName = Kingfisher;
		};
/* End XCSwiftPackageProductDependency section */
	};
	rootObject = 7E67BE302A6B856E00DE0299 /* Project object */;
}
